// !$*UTF8*$!
{
	archiveVersion = 1;
	classes = {
	};
	objectVersion = 56;
	objects = {

/* Begin PBXBuildFile section */
		F420E47A2C7BB3C100AF5275 /* AppDelegate.swift in Sources */ = {isa = PBXBuildFile; fileRef = F420E4792C7BB3C100AF5275 /* AppDelegate.swift */; };
		F420E47C2C7BB3C100AF5275 /* SceneDelegate.swift in Sources */ = {isa = PBXBuildFile; fileRef = F420E47B2C7BB3C100AF5275 /* SceneDelegate.swift */; };
		F420E47E2C7BB3C100AF5275 /* ViewController.swift in Sources */ = {isa = PBXBuildFile; fileRef = F420E47D2C7BB3C100AF5275 /* ViewController.swift */; };
		F420E4812C7BB3C100AF5275 /* Base in Resources */ = {isa = PBXBuildFile; fileRef = F420E4802C7BB3C100AF5275 /* Base */; };
		F420E4832C7BB3C300AF5275 /* Assets.xcassets in Resources */ = {isa = PBXBuildFile; fileRef = F420E4822C7BB3C300AF5275 /* Assets.xcassets */; };
		F420E4862C7BB3C300AF5275 /* Base in Resources */ = {isa = PBXBuildFile; fileRef = F420E4852C7BB3C300AF5275 /* Base */; };
		F420E48E2C7BC4BC00AF5275 /* CardView.swift in Sources */ = {isa = PBXBuildFile; fileRef = F420E48D2C7BC4BC00AF5275 /* CardView.swift */; };
		F420E4902C7C026700AF5275 /* BoardView.swift in Sources */ = {isa = PBXBuildFile; fileRef = F420E48F2C7C026700AF5275 /* BoardView.swift */; };
		F4BC94532C7E1C14007345EB /* MemoryGame.swift in Sources */ = {isa = PBXBuildFile; fileRef = F4BC94522C7E1C14007345EB /* MemoryGame.swift */; };
		F4BC94582C7EF340007345EB /* CardCountPickerView.swift in Sources */ = {isa = PBXBuildFile; fileRef = F4BC94572C7EF340007345EB /* CardCountPickerView.swift */; };
		F4BC945A2C7EFF50007345EB /* Models.swift in Sources */ = {isa = PBXBuildFile; fileRef = F4BC94592C7EFF50007345EB /* Models.swift */; };
/* End PBXBuildFile section */

/* Begin PBXFileReference section */
		F420E4762C7BB3C100AF5275 /* MemoryGame2.app */ = {isa = PBXFileReference; explicitFileType = wrapper.application; includeInIndex = 0; path = MemoryGame2.app; sourceTree = BUILT_PRODUCTS_DIR; };
		F420E4792C7BB3C100AF5275 /* AppDelegate.swift */ = {isa = PBXFileReference; lastKnownFileType = sourcecode.swift; path = AppDelegate.swift; sourceTree = "<group>"; };
		F420E47B2C7BB3C100AF5275 /* SceneDelegate.swift */ = {isa = PBXFileReference; lastKnownFileType = sourcecode.swift; path = SceneDelegate.swift; sourceTree = "<group>"; };
		F420E47D2C7BB3C100AF5275 /* ViewController.swift */ = {isa = PBXFileReference; lastKnownFileType = sourcecode.swift; path = ViewController.swift; sourceTree = "<group>"; };
		F420E4802C7BB3C100AF5275 /* Base */ = {isa = PBXFileReference; lastKnownFileType = file.storyboard; name = Base; path = Base.lproj/Main.storyboard; sourceTree = "<group>"; };
		F420E4822C7BB3C300AF5275 /* Assets.xcassets */ = {isa = PBXFileReference; lastKnownFileType = folder.assetcatalog; path = Assets.xcassets; sourceTree = "<group>"; };
		F420E4852C7BB3C300AF5275 /* Base */ = {isa = PBXFileReference; lastKnownFileType = file.storyboard; name = Base; path = Base.lproj/LaunchScreen.storyboard; sourceTree = "<group>"; };
		F420E4872C7BB3C300AF5275 /* Info.plist */ = {isa = PBXFileReference; lastKnownFileType = text.plist.xml; path = Info.plist; sourceTree = "<group>"; };
		F420E48D2C7BC4BC00AF5275 /* CardView.swift */ = {isa = PBXFileReference; lastKnownFileType = sourcecode.swift; path = CardView.swift; sourceTree = "<group>"; };
		F420E48F2C7C026700AF5275 /* BoardView.swift */ = {isa = PBXFileReference; lastKnownFileType = sourcecode.swift; path = BoardView.swift; sourceTree = "<group>"; };
		F4BC94522C7E1C14007345EB /* MemoryGame.swift */ = {isa = PBXFileReference; lastKnownFileType = sourcecode.swift; path = MemoryGame.swift; sourceTree = "<group>"; };
		F4BC94572C7EF340007345EB /* CardCountPickerView.swift */ = {isa = PBXFileReference; lastKnownFileType = sourcecode.swift; path = CardCountPickerView.swift; sourceTree = "<group>"; };
		F4BC94592C7EFF50007345EB /* Models.swift */ = {isa = PBXFileReference; lastKnownFileType = sourcecode.swift; path = Models.swift; sourceTree = "<group>"; };
/* End PBXFileReference section */

/* Begin PBXFrameworksBuildPhase section */
		F420E4732C7BB3C100AF5275 /* Frameworks */ = {
			isa = PBXFrameworksBuildPhase;
			buildActionMask = 2147483647;
			files = (
			);
			runOnlyForDeploymentPostprocessing = 0;
		};
/* End PBXFrameworksBuildPhase section */

/* Begin PBXGroup section */
		F420E46D2C7BB3C100AF5275 = {
			isa = PBXGroup;
			children = (
				F420E4782C7BB3C100AF5275 /* MemoryGame2 */,
				F420E4772C7BB3C100AF5275 /* Products */,
			);
			sourceTree = "<group>";
		};
		F420E4772C7BB3C100AF5275 /* Products */ = {
			isa = PBXGroup;
			children = (
				F420E4762C7BB3C100AF5275 /* MemoryGame2.app */,
			);
			name = Products;
			sourceTree = "<group>";
		};
		F420E4782C7BB3C100AF5275 /* MemoryGame2 */ = {
			isa = PBXGroup;
			children = (
				F4BC94562C7E1C49007345EB /* Controller */,
				F4BC94552C7E1C40007345EB /* View */,
				F4BC94542C7E1C2A007345EB /* Model */,
				F420E4792C7BB3C100AF5275 /* AppDelegate.swift */,
				F420E47B2C7BB3C100AF5275 /* SceneDelegate.swift */,
				F420E47F2C7BB3C100AF5275 /* Main.storyboard */,
				F420E4822C7BB3C300AF5275 /* Assets.xcassets */,
				F420E4842C7BB3C300AF5275 /* LaunchScreen.storyboard */,
				F420E4872C7BB3C300AF5275 /* Info.plist */,
			);
			path = MemoryGame2;
			sourceTree = "<group>";
		};
		F4BC94542C7E1C2A007345EB /* Model */ = {
			isa = PBXGroup;
			children = (
				F4BC94522C7E1C14007345EB /* MemoryGame.swift */,
				F4BC94592C7EFF50007345EB /* Models.swift */,
			);
			path = Model;
			sourceTree = "<group>";
		};
		F4BC94552C7E1C40007345EB /* View */ = {
			isa = PBXGroup;
			children = (
				F420E48D2C7BC4BC00AF5275 /* CardView.swift */,
				F420E48F2C7C026700AF5275 /* BoardView.swift */,
				F4BC94572C7EF340007345EB /* CardCountPickerView.swift */,
			);
			path = View;
			sourceTree = "<group>";
		};
		F4BC94562C7E1C49007345EB /* Controller */ = {
			isa = PBXGroup;
			children = (
				F420E47D2C7BB3C100AF5275 /* ViewController.swift */,
			);
			path = Controller;
			sourceTree = "<group>";
		};
/* End PBXGroup section */

/* Begin PBXNativeTarget section */
		F420E4752C7BB3C100AF5275 /* MemoryGame2 */ = {
			isa = PBXNativeTarget;
			buildConfigurationList = F420E48A2C7BB3C300AF5275 /* Build configuration list for PBXNativeTarget "MemoryGame2" */;
			buildPhases = (
				F420E4722C7BB3C100AF5275 /* Sources */,
				F420E4732C7BB3C100AF5275 /* Frameworks */,
				F420E4742C7BB3C100AF5275 /* Resources */,
			);
			buildRules = (
			);
			dependencies = (
			);
			name = MemoryGame2;
			productName = MemoryGame2;
			productReference = F420E4762C7BB3C100AF5275 /* MemoryGame2.app */;
			productType = "com.apple.product-type.application";
		};
/* End PBXNativeTarget section */

/* Begin PBXProject section */
		F420E46E2C7BB3C100AF5275 /* Project object */ = {
			isa = PBXProject;
			attributes = {
				BuildIndependentTargetsInParallel = 1;
				LastSwiftUpdateCheck = 1540;
				LastUpgradeCheck = 1540;
				TargetAttributes = {
					F420E4752C7BB3C100AF5275 = {
						CreatedOnToolsVersion = 15.4;
					};
				};
			};
			buildConfigurationList = F420E4712C7BB3C100AF5275 /* Build configuration list for PBXProject "MemoryGame2" */;
			compatibilityVersion = "Xcode 14.0";
			developmentRegion = en;
			hasScannedForEncodings = 0;
			knownRegions = (
				en,
				Base,
			);
			mainGroup = F420E46D2C7BB3C100AF5275;
			productRefGroup = F420E4772C7BB3C100AF5275 /* Products */;
			projectDirPath = "";
			projectRoot = "";
			targets = (
				F420E4752C7BB3C100AF5275 /* MemoryGame2 */,
			);
		};
/* End PBXProject section */

/* Begin PBXResourcesBuildPhase section */
		F420E4742C7BB3C100AF5275 /* Resources */ = {
			isa = PBXResourcesBuildPhase;
			buildActionMask = 2147483647;
			files = (
				F420E4832C7BB3C300AF5275 /* Assets.xcassets in Resources */,
				F420E4862C7BB3C300AF5275 /* Base in Resources */,
				F420E4812C7BB3C100AF5275 /* Base in Resources */,
			);
			runOnlyForDeploymentPostprocessing = 0;
		};
/* End PBXResourcesBuildPhase section */

/* Begin PBXSourcesBuildPhase section */
		F420E4722C7BB3C100AF5275 /* Sources */ = {
			isa = PBXSourcesBuildPhase;
			buildActionMask = 2147483647;
			files = (
				F4BC94532C7E1C14007345EB /* MemoryGame.swift in Sources */,
				F420E47E2C7BB3C100AF5275 /* ViewController.swift in Sources */,
				F420E47A2C7BB3C100AF5275 /* AppDelegate.swift in Sources */,
				F4BC945A2C7EFF50007345EB /* Models.swift in Sources */,
				F4BC94582C7EF340007345EB /* CardCountPickerView.swift in Sources */,
				F420E4902C7C026700AF5275 /* BoardView.swift in Sources */,
				F420E47C2C7BB3C100AF5275 /* SceneDelegate.swift in Sources */,
				F420E48E2C7BC4BC00AF5275 /* CardView.swift in Sources */,
			);
			runOnlyForDeploymentPostprocessing = 0;
		};
/* End PBXSourcesBuildPhase section */

/* Begin PBXVariantGroup section */
		F420E47F2C7BB3C100AF5275 /* Main.storyboard */ = {
			isa = PBXVariantGroup;
			children = (
				F420E4802C7BB3C100AF5275 /* Base */,
			);
			name = Main.storyboard;
			sourceTree = "<group>";
		};
		F420E4842C7BB3C300AF5275 /* LaunchScreen.storyboard */ = {
			isa = PBXVariantGroup;
			children = (
				F420E4852C7BB3C300AF5275 /* Base */,
			);
			name = LaunchScreen.storyboard;
			sourceTree = "<group>";
		};
/* End PBXVariantGroup section */

/* Begin XCBuildConfiguration section */
		F420E4882C7BB3C300AF5275 /* Debug */ = {
			isa = XCBuildConfiguration;
			buildSettings = {
				ALWAYS_SEARCH_USER_PATHS = NO;
				ASSETCATALOG_COMPILER_GENERATE_SWIFT_ASSET_SYMBOL_EXTENSIONS = YES;
				CLANG_ANALYZER_NONNULL = YES;
				CLANG_ANALYZER_NUMBER_OBJECT_CONVERSION = YES_AGGRESSIVE;
				CLANG_CXX_LANGUAGE_STANDARD = "gnu++20";
				CLANG_ENABLE_MODULES = YES;
				CLANG_ENABLE_OBJC_ARC = YES;
				CLANG_ENABLE_OBJC_WEAK = YES;
				CLANG_WARN_BLOCK_CAPTURE_AUTORELEASING = YES;
				CLANG_WARN_BOOL_CONVERSION = YES;
				CLANG_WARN_COMMA = YES;
				CLANG_WARN_CONSTANT_CONVERSION = YES;
				CLANG_WARN_DEPRECATED_OBJC_IMPLEMENTATIONS = YES;
				CLANG_WARN_DIRECT_OBJC_ISA_USAGE = YES_ERROR;
				CLANG_WARN_DOCUMENTATION_COMMENTS = YES;
				CLANG_WARN_EMPTY_BODY = YES;
				CLANG_WARN_ENUM_CONVERSION = YES;
				CLANG_WARN_INFINITE_RECURSION = YES;
				CLANG_WARN_INT_CONVERSION = YES;
				CLANG_WARN_NON_LITERAL_NULL_CONVERSION = YES;
				CLANG_WARN_OBJC_IMPLICIT_RETAIN_SELF = YES;
				CLANG_WARN_OBJC_LITERAL_CONVERSION = YES;
				CLANG_WARN_OBJC_ROOT_CLASS = YES_ERROR;
				CLANG_WARN_QUOTED_INCLUDE_IN_FRAMEWORK_HEADER = YES;
				CLANG_WARN_RANGE_LOOP_ANALYSIS = YES;
				CLANG_WARN_STRICT_PROTOTYPES = YES;
				CLANG_WARN_SUSPICIOUS_MOVE = YES;
				CLANG_WARN_UNGUARDED_AVAILABILITY = YES_AGGRESSIVE;
				CLANG_WARN_UNREACHABLE_CODE = YES;
				CLANG_WARN__DUPLICATE_METHOD_MATCH = YES;
				COPY_PHASE_STRIP = NO;
				DEBUG_INFORMATION_FORMAT = dwarf;
				ENABLE_STRICT_OBJC_MSGSEND = YES;
				ENABLE_TESTABILITY = YES;
				ENABLE_USER_SCRIPT_SANDBOXING = YES;
				GCC_C_LANGUAGE_STANDARD = gnu17;
				GCC_DYNAMIC_NO_PIC = NO;
				GCC_NO_COMMON_BLOCKS = YES;
				GCC_OPTIMIZATION_LEVEL = 0;
				GCC_PREPROCESSOR_DEFINITIONS = (
					"DEBUG=1",
					"$(inherited)",
				);
				GCC_WARN_64_TO_32_BIT_CONVERSION = YES;
				GCC_WARN_ABOUT_RETURN_TYPE = YES_ERROR;
				GCC_WARN_UNDECLARED_SELECTOR = YES;
				GCC_WARN_UNINITIALIZED_AUTOS = YES_AGGRESSIVE;
				GCC_WARN_UNUSED_FUNCTION = YES;
				GCC_WARN_UNUSED_VARIABLE = YES;
				IPHONEOS_DEPLOYMENT_TARGET = 17.5;
				LOCALIZATION_PREFERS_STRING_CATALOGS = YES;
				MTL_ENABLE_DEBUG_INFO = INCLUDE_SOURCE;
				MTL_FAST_MATH = YES;
				ONLY_ACTIVE_ARCH = YES;
				SDKROOT = iphoneos;
				SWIFT_ACTIVE_COMPILATION_CONDITIONS = "DEBUG $(inherited)";
				SWIFT_OPTIMIZATION_LEVEL = "-Onone";
			};
			name = Debug;
		};
		F420E4892C7BB3C300AF5275 /* Release */ = {
			isa = XCBuildConfiguration;
			buildSettings = {
				ALWAYS_SEARCH_USER_PATHS = NO;
				ASSETCATALOG_COMPILER_GENERATE_SWIFT_ASSET_SYMBOL_EXTENSIONS = YES;
				CLANG_ANALYZER_NONNULL = YES;
				CLANG_ANALYZER_NUMBER_OBJECT_CONVERSION = YES_AGGRESSIVE;
				CLANG_CXX_LANGUAGE_STANDARD = "gnu++20";
				CLANG_ENABLE_MODULES = YES;
				CLANG_ENABLE_OBJC_ARC = YES;
				CLANG_ENABLE_OBJC_WEAK = YES;
				CLANG_WARN_BLOCK_CAPTURE_AUTORELEASING = YES;
				CLANG_WARN_BOOL_CONVERSION = YES;
				CLANG_WARN_COMMA = YES;
				CLANG_WARN_CONSTANT_CONVERSION = YES;
				CLANG_WARN_DEPRECATED_OBJC_IMPLEMENTATIONS = YES;
				CLANG_WARN_DIRECT_OBJC_ISA_USAGE = YES_ERROR;
				CLANG_WARN_DOCUMENTATION_COMMENTS = YES;
				CLANG_WARN_EMPTY_BODY = YES;
				CLANG_WARN_ENUM_CONVERSION = YES;
				CLANG_WARN_INFINITE_RECURSION = YES;
				CLANG_WARN_INT_CONVERSION = YES;
				CLANG_WARN_NON_LITERAL_NULL_CONVERSION = YES;
				CLANG_WARN_OBJC_IMPLICIT_RETAIN_SELF = YES;
				CLANG_WARN_OBJC_LITERAL_CONVERSION = YES;
				CLANG_WARN_OBJC_ROOT_CLASS = YES_ERROR;
				CLANG_WARN_QUOTED_INCLUDE_IN_FRAMEWORK_HEADER = YES;
				CLANG_WARN_RANGE_LOOP_ANALYSIS = YES;
				CLANG_WARN_STRICT_PROTOTYPES = YES;
				CLANG_WARN_SUSPICIOUS_MOVE = YES;
				CLANG_WARN_UNGUARDED_AVAILABILITY = YES_AGGRESSIVE;
				CLANG_WARN_UNREACHABLE_CODE = YES;
				CLANG_WARN__DUPLICATE_METHOD_MATCH = YES;
				COPY_PHASE_STRIP = NO;
				DEBUG_INFORMATION_FORMAT = "dwarf-with-dsym";
				ENABLE_NS_ASSERTIONS = NO;
				ENABLE_STRICT_OBJC_MSGSEND = YES;
				ENABLE_USER_SCRIPT_SANDBOXING = YES;
				GCC_C_LANGUAGE_STANDARD = gnu17;
				GCC_NO_COMMON_BLOCKS = YES;
				GCC_WARN_64_TO_32_BIT_CONVERSION = YES;
				GCC_WARN_ABOUT_RETURN_TYPE = YES_ERROR;
				GCC_WARN_UNDECLARED_SELECTOR = YES;
				GCC_WARN_UNINITIALIZED_AUTOS = YES_AGGRESSIVE;
				GCC_WARN_UNUSED_FUNCTION = YES;
				GCC_WARN_UNUSED_VARIABLE = YES;
				IPHONEOS_DEPLOYMENT_TARGET = 17.5;
				LOCALIZATION_PREFERS_STRING_CATALOGS = YES;
				MTL_ENABLE_DEBUG_INFO = NO;
				MTL_FAST_MATH = YES;
				SDKROOT = iphoneos;
				SWIFT_COMPILATION_MODE = wholemodule;
				VALIDATE_PRODUCT = YES;
			};
			name = Release;
		};
		F420E48B2C7BB3C300AF5275 /* Debug */ = {
			isa = XCBuildConfiguration;
			buildSettings = {
				ASSETCATALOG_COMPILER_APPICON_NAME = AppIcon;
				ASSETCATALOG_COMPILER_GLOBAL_ACCENT_COLOR_NAME = AccentColor;
				CODE_SIGN_STYLE = Automatic;
				CURRENT_PROJECT_VERSION = 1;
				DEVELOPMENT_TEAM = 5GWQWWY8TR;
				GENERATE_INFOPLIST_FILE = YES;
				INFOPLIST_FILE = MemoryGame2/Info.plist;
				INFOPLIST_KEY_UIApplicationSupportsIndirectInputEvents = YES;
				INFOPLIST_KEY_UILaunchStoryboardName = LaunchScreen;
				INFOPLIST_KEY_UIMainStoryboardFile = Main;
				INFOPLIST_KEY_UISupportedInterfaceOrientations_iPad = "UIInterfaceOrientationPortrait UIInterfaceOrientationPortraitUpsideDown UIInterfaceOrientationLandscapeLeft UIInterfaceOrientationLandscapeRight";
				INFOPLIST_KEY_UISupportedInterfaceOrientations_iPhone = "UIInterfaceOrientationPortrait UIInterfaceOrientationLandscapeLeft UIInterfaceOrientationLandscapeRight";
				IPHONEOS_DEPLOYMENT_TARGET = 16.0;
				LD_RUNPATH_SEARCH_PATHS = (
					"$(inherited)",
					"@executable_path/Frameworks",
				);
				MARKETING_VERSION = 1.0;
				PRODUCT_BUNDLE_IDENTIFIER = test.MemoryGame2;
				PRODUCT_NAME = "$(TARGET_NAME)";
				SWIFT_EMIT_LOC_STRINGS = YES;
				SWIFT_VERSION = 5.0;
				TARGETED_DEVICE_FAMILY = "1,2";
			};
			name = Debug;
		};
		F420E48C2C7BB3C300AF5275 /* Release */ = {
			isa = XCBuildConfiguration;
			buildSettings = {
				ASSETCATALOG_COMPILER_APPICON_NAME = AppIcon;
				ASSETCATALOG_COMPILER_GLOBAL_ACCENT_COLOR_NAME = AccentColor;
				CODE_SIGN_STYLE = Automatic;
				CURRENT_PROJECT_VERSION = 1;
				DEVELOPMENT_TEAM = 5GWQWWY8TR;
				GENERATE_INFOPLIST_FILE = YES;
				INFOPLIST_FILE = MemoryGame2/Info.plist;
				INFOPLIST_KEY_UIApplicationSupportsIndirectInputEvents = YES;
				INFOPLIST_KEY_UILaunchStoryboardName = LaunchScreen;
				INFOPLIST_KEY_UIMainStoryboardFile = Main;
				INFOPLIST_KEY_UISupportedInterfaceOrientations_iPad = "UIInterfaceOrientationPortrait UIInterfaceOrientationPortraitUpsideDown UIInterfaceOrientationLandscapeLeft UIInterfaceOrientationLandscapeRight";
				INFOPLIST_KEY_UISupportedInterfaceOrientations_iPhone = "UIInterfaceOrientationPortrait UIInterfaceOrientationLandscapeLeft UIInterfaceOrientationLandscapeRight";
				IPHONEOS_DEPLOYMENT_TARGET = 16.0;
				LD_RUNPATH_SEARCH_PATHS = (
					"$(inherited)",
					"@executable_path/Frameworks",
				);
				MARKETING_VERSION = 1.0;
				PRODUCT_BUNDLE_IDENTIFIER = test.MemoryGame2;
				PRODUCT_NAME = "$(TARGET_NAME)";
				SWIFT_EMIT_LOC_STRINGS = YES;
				SWIFT_VERSION = 5.0;
				TARGETED_DEVICE_FAMILY = "1,2";
			};
			name = Release;
		};
/* End XCBuildConfiguration section */

/* Begin XCConfigurationList section */
		F420E4712C7BB3C100AF5275 /* Build configuration list for PBXProject "MemoryGame2" */ = {
			isa = XCConfigurationList;
			buildConfigurations = (
				F420E4882C7BB3C300AF5275 /* Debug */,
				F420E4892C7BB3C300AF5275 /* Release */,
			);
			defaultConfigurationIsVisible = 0;
			defaultConfigurationName = Release;
		};
		F420E48A2C7BB3C300AF5275 /* Build configuration list for PBXNativeTarget "MemoryGame2" */ = {
			isa = XCConfigurationList;
			buildConfigurations = (
				F420E48B2C7BB3C300AF5275 /* Debug */,
				F420E48C2C7BB3C300AF5275 /* Release */,
			);
			defaultConfigurationIsVisible = 0;
			defaultConfigurationName = Release;
		};
/* End XCConfigurationList section */
	};
	rootObject = F420E46E2C7BB3C100AF5275 /* Project object */;
}
